
Microsoft Visual Studio Solution File, Format Version 12.00
# Visual Studio 15
VisualStudioVersion = 15.0.28010.2046
MinimumVisualStudioVersion = 10.0.40219.1
Project("{9A19103F-16F7-4668-BE54-9A1E7A4F7556}") = "Northwind.DataAccess", "Northwind.DataAccess\Northwind.DataAccess.csproj", "{55FFB59D-3C28-4AA3-A943-89B483230370}"
EndProject
Project("{9A19103F-16F7-4668-BE54-9A1E7A4F7556}") = "Northwind.Web", "Northwind.Web\Northwind.Web.csproj", "{8119EF99-E09B-432A-9389-6B8B0887A90C}"
EndProject
Project("{9A19103F-16F7-4668-BE54-9A1E7A4F7556}") = "Northwind.Logic", "Northwind.Logic\Northwind.Logic.csproj", "{0E974C11-C8D0-4366-B160-1A9E4750995A}"
EndProject
Global
	GlobalSection(SolutionConfigurationPlatforms) = preSolution
		Debug|Any CPU = Debug|Any CPU
		Release|Any CPU = Release|Any CPU
	EndGlobalSection
	GlobalSection(ProjectConfigurationPlatforms) = postSolution
		{55FFB59D-3C28-4AA3-A943-89B483230370}.Debug|Any CPU.ActiveCfg = Debug|Any CPU
		{55FFB59D-3C28-4AA3-A943-89B483230370}.Debug|Any CPU.Build.0 = Debug|Any CPU
		{55FFB59D-3C28-4AA3-A943-89B483230370}.Release|Any CPU.ActiveCfg = Release|Any CPU
		{55FFB59D-3C28-4AA3-A943-89B483230370}.Release|Any CPU.Build.0 = Release|Any CPU
		{8119EF99-E09B-432A-9389-6B8B0887A90C}.Debug|Any CPU.ActiveCfg = Debug|Any CPU
		{8119EF99-E09B-432A-9389-6B8B0887A90C}.Debug|Any CPU.Build.0 = Debug|Any CPU
		{8119EF99-E09B-432A-9389-6B8B0887A90C}.Release|Any CPU.ActiveCfg = Release|Any CPU
		{8119EF99-E09B-432A-9389-6B8B0887A90C}.Release|Any CPU.Build.0 = Release|Any CPU
		{0E974C11-C8D0-4366-B160-1A9E4750995A}.Debug|Any CPU.ActiveCfg = Debug|Any CPU
		{0E974C11-C8D0-4366-B160-1A9E4750995A}.Debug|Any CPU.Build.0 = Debug|Any CPU
		{0E974C11-C8D0-4366-B160-1A9E4750995A}.Release|Any CPU.ActiveCfg = Release|Any CPU
		{0E974C11-C8D0-4366-B160-1A9E4750995A}.Release|Any CPU.Build.0 = Release|Any CPU
	EndGlobalSection
	GlobalSection(SolutionProperties) = preSolution
		HideSolutionNode = FALSE
	EndGlobalSection
	GlobalSection(ExtensibilityGlobals) = postSolution
		SolutionGuid = {A76B92A1-F154-4CBB-B0BE-BE61CCF4C98D}
	EndGlobalSection
EndGlobal
